
Microsoft Visual Studio Solution File, Format Version 12.00
# Visual Studio Version 17
VisualStudioVersion = 17.5.33516.290
MinimumVisualStudioVersion = 10.0.40219.1
Project("{FAE04EC0-301F-11D3-BF4B-00C04F79EFBC}") = "API_TestProject_NextBDay", "API_TestProject_NextBDay\API_TestProject_NextBDay.csproj", "{2116AAA9-64F5-47B8-AD7A-2C8F2F1872F4}"
EndProject
Global
	GlobalSection(SolutionConfigurationPlatforms) = preSolution
		Debug|Any CPU = Debug|Any CPU
		Release|Any CPU = Release|Any CPU
	EndGlobalSection
	GlobalSection(ProjectConfigurationPlatforms) = postSolution
		{2116AAA9-64F5-47B8-AD7A-2C8F2F1872F4}.Debug|Any CPU.ActiveCfg = Debug|Any CPU
		{2116AAA9-64F5-47B8-AD7A-2C8F2F1872F4}.Debug|Any CPU.Build.0 = Debug|Any CPU
		{2116AAA9-64F5-47B8-AD7A-2C8F2F1872F4}.Release|Any CPU.ActiveCfg = Release|Any CPU
		{2116AAA9-64F5-47B8-AD7A-2C8F2F1872F4}.Release|Any CPU.Build.0 = Release|Any CPU
	EndGlobalSection
	GlobalSection(SolutionProperties) = preSolution
		HideSolutionNode = FALSE
	EndGlobalSection
	GlobalSection(ExtensibilityGlobals) = postSolution
		SolutionGuid = {BFC7D47C-EAEB-41CC-9B42-61830FB74846}
	EndGlobalSection
EndGlobal
